
Microsoft Visual Studio Solution File, Format Version 12.00
# Visual Studio 14
VisualStudioVersion = 14.0.24720.0
MinimumVisualStudioVersion = 10.0.40219.1
Project("{FAE04EC0-301F-11D3-BF4B-00C04F79EFBC}") = "Triangle", "Triangle\Triangle.csproj", "{9D216CFF-960E-45D3-95AE-7FA5E4292018}"
EndProject
Project("{FAE04EC0-301F-11D3-BF4B-00C04F79EFBC}") = "TriangleUnitTests", "TriangleUnitTests\TriangleUnitTests.csproj", "{82908FC9-0BD2-46BF-BFAD-3B969954AB0A}"
EndProject
Global
	GlobalSection(SolutionConfigurationPlatforms) = preSolution
		Debug|Any CPU = Debug|Any CPU
		Release|Any CPU = Release|Any CPU
	EndGlobalSection
	GlobalSection(ProjectConfigurationPlatforms) = postSolution
		{9D216CFF-960E-45D3-95AE-7FA5E4292018}.Debug|Any CPU.ActiveCfg = Debug|Any CPU
		{9D216CFF-960E-45D3-95AE-7FA5E4292018}.Debug|Any CPU.Build.0 = Debug|Any CPU
		{9D216CFF-960E-45D3-95AE-7FA5E4292018}.Release|Any CPU.ActiveCfg = Release|Any CPU
		{9D216CFF-960E-45D3-95AE-7FA5E4292018}.Release|Any CPU.Build.0 = Release|Any CPU
		{82908FC9-0BD2-46BF-BFAD-3B969954AB0A}.Debug|Any CPU.ActiveCfg = Debug|Any CPU
		{82908FC9-0BD2-46BF-BFAD-3B969954AB0A}.Debug|Any CPU.Build.0 = Debug|Any CPU
		{82908FC9-0BD2-46BF-BFAD-3B969954AB0A}.Release|Any CPU.ActiveCfg = Release|Any CPU
		{82908FC9-0BD2-46BF-BFAD-3B969954AB0A}.Release|Any CPU.Build.0 = Release|Any CPU
	EndGlobalSection
	GlobalSection(SolutionProperties) = preSolution
		HideSolutionNode = FALSE
	EndGlobalSection
EndGlobal
